
Microsoft Visual Studio Solution File, Format Version 12.00
# Visual Studio 15
VisualStudioVersion = 15.0.28010.2048
MinimumVisualStudioVersion = 10.0.40219.1
Project("{FAE04EC0-301F-11D3-BF4B-00C04F79EFBC}") = "Taulukkoharjoitus3.3", "Taulukkoharjoitus3.3\Taulukkoharjoitus3.3.csproj", "{0160F2D3-2B74-4023-B0FB-6B861B1B7DEA}"
EndProject
Global
	GlobalSection(SolutionConfigurationPlatforms) = preSolution
		Debug|Any CPU = Debug|Any CPU
		Release|Any CPU = Release|Any CPU
	EndGlobalSection
	GlobalSection(ProjectConfigurationPlatforms) = postSolution
		{0160F2D3-2B74-4023-B0FB-6B861B1B7DEA}.Debug|Any CPU.ActiveCfg = Debug|Any CPU
		{0160F2D3-2B74-4023-B0FB-6B861B1B7DEA}.Debug|Any CPU.Build.0 = Debug|Any CPU
		{0160F2D3-2B74-4023-B0FB-6B861B1B7DEA}.Release|Any CPU.ActiveCfg = Release|Any CPU
		{0160F2D3-2B74-4023-B0FB-6B861B1B7DEA}.Release|Any CPU.Build.0 = Release|Any CPU
	EndGlobalSection
	GlobalSection(SolutionProperties) = preSolution
		HideSolutionNode = FALSE
	EndGlobalSection
	GlobalSection(ExtensibilityGlobals) = postSolution
		SolutionGuid = {B8154B86-C91C-4D66-B1C1-DD8799B6C16B}
	EndGlobalSection
EndGlobal
