
Microsoft Visual Studio Solution File, Format Version 12.00
# Visual Studio 15
VisualStudioVersion = 15.0.28010.2026
MinimumVisualStudioVersion = 10.0.40219.1
Project("{FAE04EC0-301F-11D3-BF4B-00C04F79EFBC}") = "ConsoleApp7", "ConsoleApp7\ConsoleApp7.csproj", "{2D1FD7DE-96B8-4992-B633-4C191F0F90DB}"
EndProject
Global
	GlobalSection(SolutionConfigurationPlatforms) = preSolution
		Debug|Any CPU = Debug|Any CPU
		Release|Any CPU = Release|Any CPU
	EndGlobalSection
	GlobalSection(ProjectConfigurationPlatforms) = postSolution
		{2D1FD7DE-96B8-4992-B633-4C191F0F90DB}.Debug|Any CPU.ActiveCfg = Debug|Any CPU
		{2D1FD7DE-96B8-4992-B633-4C191F0F90DB}.Debug|Any CPU.Build.0 = Debug|Any CPU
		{2D1FD7DE-96B8-4992-B633-4C191F0F90DB}.Release|Any CPU.ActiveCfg = Release|Any CPU
		{2D1FD7DE-96B8-4992-B633-4C191F0F90DB}.Release|Any CPU.Build.0 = Release|Any CPU
	EndGlobalSection
	GlobalSection(SolutionProperties) = preSolution
		HideSolutionNode = FALSE
	EndGlobalSection
	GlobalSection(ExtensibilityGlobals) = postSolution
		SolutionGuid = {E180D070-F5D4-44F0-A8E4-0752F3308105}
	EndGlobalSection
EndGlobal
