
Microsoft Visual Studio Solution File, Format Version 12.00
# Visual Studio 15
VisualStudioVersion = 15.0.28010.2048
MinimumVisualStudioVersion = 10.0.40219.1
Project("{FAE04EC0-301F-11D3-BF4B-00C04F79EFBC}") = "ArrayTask3-3.1", "ArrayTask3-3.1\ArrayTask3-3.1.csproj", "{DB4B2BB3-468E-4166-83B7-87986CBFC6E5}"
EndProject
Global
	GlobalSection(SolutionConfigurationPlatforms) = preSolution
		Debug|Any CPU = Debug|Any CPU
		Release|Any CPU = Release|Any CPU
	EndGlobalSection
	GlobalSection(ProjectConfigurationPlatforms) = postSolution
		{DB4B2BB3-468E-4166-83B7-87986CBFC6E5}.Debug|Any CPU.ActiveCfg = Debug|Any CPU
		{DB4B2BB3-468E-4166-83B7-87986CBFC6E5}.Debug|Any CPU.Build.0 = Debug|Any CPU
		{DB4B2BB3-468E-4166-83B7-87986CBFC6E5}.Release|Any CPU.ActiveCfg = Release|Any CPU
		{DB4B2BB3-468E-4166-83B7-87986CBFC6E5}.Release|Any CPU.Build.0 = Release|Any CPU
	EndGlobalSection
	GlobalSection(SolutionProperties) = preSolution
		HideSolutionNode = FALSE
	EndGlobalSection
	GlobalSection(ExtensibilityGlobals) = postSolution
		SolutionGuid = {F724EBF2-E243-4CA3-9007-9092CA070E7E}
	EndGlobalSection
EndGlobal
