
Microsoft Visual Studio Solution File, Format Version 12.00
# Visual Studio 15
VisualStudioVersion = 15.0.28010.2026
MinimumVisualStudioVersion = 10.0.40219.1
Project("{FAE04EC0-301F-11D3-BF4B-00C04F79EFBC}") = "LoopTask4-6", "LoopTask4-6\LoopTask4-6.csproj", "{90B9563A-FDB7-4AF9-8AF4-9B25CB0C4C04}"
EndProject
Global
	GlobalSection(SolutionConfigurationPlatforms) = preSolution
		Debug|Any CPU = Debug|Any CPU
		Release|Any CPU = Release|Any CPU
	EndGlobalSection
	GlobalSection(ProjectConfigurationPlatforms) = postSolution
		{90B9563A-FDB7-4AF9-8AF4-9B25CB0C4C04}.Debug|Any CPU.ActiveCfg = Debug|Any CPU
		{90B9563A-FDB7-4AF9-8AF4-9B25CB0C4C04}.Debug|Any CPU.Build.0 = Debug|Any CPU
		{90B9563A-FDB7-4AF9-8AF4-9B25CB0C4C04}.Release|Any CPU.ActiveCfg = Release|Any CPU
		{90B9563A-FDB7-4AF9-8AF4-9B25CB0C4C04}.Release|Any CPU.Build.0 = Release|Any CPU
	EndGlobalSection
	GlobalSection(SolutionProperties) = preSolution
		HideSolutionNode = FALSE
	EndGlobalSection
	GlobalSection(ExtensibilityGlobals) = postSolution
		SolutionGuid = {FD8345EA-AA28-423E-AF32-278F8C0E5A14}
	EndGlobalSection
EndGlobal
