
Microsoft Visual Studio Solution File, Format Version 12.00
# Visual Studio 15
VisualStudioVersion = 15.0.28010.2048
MinimumVisualStudioVersion = 10.0.40219.1
Project("{FAE04EC0-301F-11D3-BF4B-00C04F79EFBC}") = "StringExample", "StringExample\StringExample.csproj", "{ED6A4FBA-B72E-4D8C-A707-8497473625A5}"
EndProject
Global
	GlobalSection(SolutionConfigurationPlatforms) = preSolution
		Debug|Any CPU = Debug|Any CPU
		Release|Any CPU = Release|Any CPU
	EndGlobalSection
	GlobalSection(ProjectConfigurationPlatforms) = postSolution
		{ED6A4FBA-B72E-4D8C-A707-8497473625A5}.Debug|Any CPU.ActiveCfg = Debug|Any CPU
		{ED6A4FBA-B72E-4D8C-A707-8497473625A5}.Debug|Any CPU.Build.0 = Debug|Any CPU
		{ED6A4FBA-B72E-4D8C-A707-8497473625A5}.Release|Any CPU.ActiveCfg = Release|Any CPU
		{ED6A4FBA-B72E-4D8C-A707-8497473625A5}.Release|Any CPU.Build.0 = Release|Any CPU
	EndGlobalSection
	GlobalSection(SolutionProperties) = preSolution
		HideSolutionNode = FALSE
	EndGlobalSection
	GlobalSection(ExtensibilityGlobals) = postSolution
		SolutionGuid = {27B764B1-72CF-44A6-B04E-123DF6096EE0}
	EndGlobalSection
EndGlobal
