
Microsoft Visual Studio Solution File, Format Version 12.00
# Visual Studio 15
VisualStudioVersion = 15.0.28010.2026
MinimumVisualStudioVersion = 10.0.40219.1
Project("{FAE04EC0-301F-11D3-BF4B-00C04F79EFBC}") = "LoopTask4-3", "LoopTask4-3\LoopTask4-3.csproj", "{8B4E3BC8-B43C-4B5F-B52A-9C53D936E01B}"
EndProject
Global
	GlobalSection(SolutionConfigurationPlatforms) = preSolution
		Debug|Any CPU = Debug|Any CPU
		Release|Any CPU = Release|Any CPU
	EndGlobalSection
	GlobalSection(ProjectConfigurationPlatforms) = postSolution
		{8B4E3BC8-B43C-4B5F-B52A-9C53D936E01B}.Debug|Any CPU.ActiveCfg = Debug|Any CPU
		{8B4E3BC8-B43C-4B5F-B52A-9C53D936E01B}.Debug|Any CPU.Build.0 = Debug|Any CPU
		{8B4E3BC8-B43C-4B5F-B52A-9C53D936E01B}.Release|Any CPU.ActiveCfg = Release|Any CPU
		{8B4E3BC8-B43C-4B5F-B52A-9C53D936E01B}.Release|Any CPU.Build.0 = Release|Any CPU
	EndGlobalSection
	GlobalSection(SolutionProperties) = preSolution
		HideSolutionNode = FALSE
	EndGlobalSection
	GlobalSection(ExtensibilityGlobals) = postSolution
		SolutionGuid = {3B0C0485-4280-478E-B187-53289D7CC462}
	EndGlobalSection
EndGlobal
